// !$*UTF8*$!
{
	archiveVersion = 1;
	classes = {
	};
	objectVersion = 46;
	objects = {

/* Begin PBXBuildFile section */
		D9C3152A1DC4BA710085349C /* AppDelegate.swift in Sources */ = {isa = PBXBuildFile; fileRef = D9C315291DC4BA710085349C /* AppDelegate.swift */; };
		D9C3152C1DC4BA710085349C /* ViewController.swift in Sources */ = {isa = PBXBuildFile; fileRef = D9C3152B1DC4BA710085349C /* ViewController.swift */; };
		D9C3152F1DC4BA710085349C /* Main.storyboard in Resources */ = {isa = PBXBuildFile; fileRef = D9C3152D1DC4BA710085349C /* Main.storyboard */; };
		D9C315311DC4BA710085349C /* Assets.xcassets in Resources */ = {isa = PBXBuildFile; fileRef = D9C315301DC4BA710085349C /* Assets.xcassets */; };
		D9C315341DC4BA710085349C /* LaunchScreen.storyboard in Resources */ = {isa = PBXBuildFile; fileRef = D9C315321DC4BA710085349C /* LaunchScreen.storyboard */; };
		D9C3153F1DC4BA710085349C /* ChatSocketIOTests.swift in Sources */ = {isa = PBXBuildFile; fileRef = D9C3153E1DC4BA710085349C /* ChatSocketIOTests.swift */; };
		D9C3154A1DC4BA710085349C /* ChatSocketIOUITests.swift in Sources */ = {isa = PBXBuildFile; fileRef = D9C315491DC4BA710085349C /* ChatSocketIOUITests.swift */; };
/* End PBXBuildFile section */

/* Begin PBXContainerItemProxy section */
		D9C3153B1DC4BA710085349C /* PBXContainerItemProxy */ = {
			isa = PBXContainerItemProxy;
			containerPortal = D9C3151E1DC4BA710085349C /* Project object */;
			proxyType = 1;
			remoteGlobalIDString = D9C315251DC4BA710085349C;
			remoteInfo = ChatSocketIO;
		};
		D9C315461DC4BA710085349C /* PBXContainerItemProxy */ = {
			isa = PBXContainerItemProxy;
			containerPortal = D9C3151E1DC4BA710085349C /* Project object */;
			proxyType = 1;
			remoteGlobalIDString = D9C315251DC4BA710085349C;
			remoteInfo = ChatSocketIO;
		};
/* End PBXContainerItemProxy section */

/* Begin PBXFileReference section */
		D9C315261DC4BA710085349C /* ChatSocketIO.app */ = {isa = PBXFileReference; explicitFileType = wrapper.application; includeInIndex = 0; path = ChatSocketIO.app; sourceTree = BUILT_PRODUCTS_DIR; };
		D9C315291DC4BA710085349C /* AppDelegate.swift */ = {isa = PBXFileReference; lastKnownFileType = sourcecode.swift; path = AppDelegate.swift; sourceTree = "<group>"; };
		D9C3152B1DC4BA710085349C /* ViewController.swift */ = {isa = PBXFileReference; lastKnownFileType = sourcecode.swift; path = ViewController.swift; sourceTree = "<group>"; };
		D9C3152E1DC4BA710085349C /* Base */ = {isa = PBXFileReference; lastKnownFileType = file.storyboard; name = Base; path = Base.lproj/Main.storyboard; sourceTree = "<group>"; };
		D9C315301DC4BA710085349C /* Assets.xcassets */ = {isa = PBXFileReference; lastKnownFileType = folder.assetcatalog; path = Assets.xcassets; sourceTree = "<group>"; };
		D9C315331DC4BA710085349C /* Base */ = {isa = PBXFileReference; lastKnownFileType = file.storyboard; name = Base; path = Base.lproj/LaunchScreen.storyboard; sourceTree = "<group>"; };
		D9C315351DC4BA710085349C /* Info.plist */ = {isa = PBXFileReference; lastKnownFileType = text.plist.xml; path = Info.plist; sourceTree = "<group>"; };
		D9C3153A1DC4BA710085349C /* ChatSocketIOTests.xctest */ = {isa = PBXFileReference; explicitFileType = wrapper.cfbundle; includeInIndex = 0; path = ChatSocketIOTests.xctest; sourceTree = BUILT_PRODUCTS_DIR; };
		D9C3153E1DC4BA710085349C /* ChatSocketIOTests.swift */ = {isa = PBXFileReference; lastKnownFileType = sourcecode.swift; path = ChatSocketIOTests.swift; sourceTree = "<group>"; };
		D9C315401DC4BA710085349C /* Info.plist */ = {isa = PBXFileReference; lastKnownFileType = text.plist.xml; path = Info.plist; sourceTree = "<group>"; };
		D9C315451DC4BA710085349C /* ChatSocketIOUITests.xctest */ = {isa = PBXFileReference; explicitFileType = wrapper.cfbundle; includeInIndex = 0; path = ChatSocketIOUITests.xctest; sourceTree = BUILT_PRODUCTS_DIR; };
		D9C315491DC4BA710085349C /* ChatSocketIOUITests.swift */ = {isa = PBXFileReference; lastKnownFileType = sourcecode.swift; path = ChatSocketIOUITests.swift; sourceTree = "<group>"; };
		D9C3154B1DC4BA710085349C /* Info.plist */ = {isa = PBXFileReference; lastKnownFileType = text.plist.xml; path = Info.plist; sourceTree = "<group>"; };
/* End PBXFileReference section */

/* Begin PBXFrameworksBuildPhase section */
		D9C315231DC4BA710085349C /* Frameworks */ = {
			isa = PBXFrameworksBuildPhase;
			buildActionMask = 2147483647;
			files = (
			);
			runOnlyForDeploymentPostprocessing = 0;
		};
		D9C315371DC4BA710085349C /* Frameworks */ = {
			isa = PBXFrameworksBuildPhase;
			buildActionMask = 2147483647;
			files = (
			);
			runOnlyForDeploymentPostprocessing = 0;
		};
		D9C315421DC4BA710085349C /* Frameworks */ = {
			isa = PBXFrameworksBuildPhase;
			buildActionMask = 2147483647;
			files = (
			);
			runOnlyForDeploymentPostprocessing = 0;
		};
/* End PBXFrameworksBuildPhase section */

/* Begin PBXGroup section */
		D9C3151D1DC4BA710085349C = {
			isa = PBXGroup;
			children = (
				D9C315281DC4BA710085349C /* ChatSocketIO */,
				D9C3153D1DC4BA710085349C /* ChatSocketIOTests */,
				D9C315481DC4BA710085349C /* ChatSocketIOUITests */,
				D9C315271DC4BA710085349C /* Products */,
			);
			sourceTree = "<group>";
		};
		D9C315271DC4BA710085349C /* Products */ = {
			isa = PBXGroup;
			children = (
				D9C315261DC4BA710085349C /* ChatSocketIO.app */,
				D9C3153A1DC4BA710085349C /* ChatSocketIOTests.xctest */,
				D9C315451DC4BA710085349C /* ChatSocketIOUITests.xctest */,
			);
			name = Products;
			sourceTree = "<group>";
		};
		D9C315281DC4BA710085349C /* ChatSocketIO */ = {
			isa = PBXGroup;
			children = (
				D9C315291DC4BA710085349C /* AppDelegate.swift */,
				D9C3152B1DC4BA710085349C /* ViewController.swift */,
				D9C3152D1DC4BA710085349C /* Main.storyboard */,
				D9C315301DC4BA710085349C /* Assets.xcassets */,
				D9C315321DC4BA710085349C /* LaunchScreen.storyboard */,
				D9C315351DC4BA710085349C /* Info.plist */,
			);
			path = ChatSocketIO;
			sourceTree = "<group>";
		};
		D9C3153D1DC4BA710085349C /* ChatSocketIOTests */ = {
			isa = PBXGroup;
			children = (
				D9C3153E1DC4BA710085349C /* ChatSocketIOTests.swift */,
				D9C315401DC4BA710085349C /* Info.plist */,
			);
			path = ChatSocketIOTests;
			sourceTree = "<group>";
		};
		D9C315481DC4BA710085349C /* ChatSocketIOUITests */ = {
			isa = PBXGroup;
			children = (
				D9C315491DC4BA710085349C /* ChatSocketIOUITests.swift */,
				D9C3154B1DC4BA710085349C /* Info.plist */,
			);
			path = ChatSocketIOUITests;
			sourceTree = "<group>";
		};
/* End PBXGroup section */

/* Begin PBXNativeTarget section */
		D9C315251DC4BA710085349C /* ChatSocketIO */ = {
			isa = PBXNativeTarget;
			buildConfigurationList = D9C3154E1DC4BA710085349C /* Build configuration list for PBXNativeTarget "ChatSocketIO" */;
			buildPhases = (
				D9C315221DC4BA710085349C /* Sources */,
				D9C315231DC4BA710085349C /* Frameworks */,
				D9C315241DC4BA710085349C /* Resources */,
			);
			buildRules = (
			);
			dependencies = (
			);
			name = ChatSocketIO;
			productName = ChatSocketIO;
			productReference = D9C315261DC4BA710085349C /* ChatSocketIO.app */;
			productType = "com.apple.product-type.application";
		};
		D9C315391DC4BA710085349C /* ChatSocketIOTests */ = {
			isa = PBXNativeTarget;
			buildConfigurationList = D9C315511DC4BA710085349C /* Build configuration list for PBXNativeTarget "ChatSocketIOTests" */;
			buildPhases = (
				D9C315361DC4BA710085349C /* Sources */,
				D9C315371DC4BA710085349C /* Frameworks */,
				D9C315381DC4BA710085349C /* Resources */,
			);
			buildRules = (
			);
			dependencies = (
				D9C3153C1DC4BA710085349C /* PBXTargetDependency */,
			);
			name = ChatSocketIOTests;
			productName = ChatSocketIOTests;
			productReference = D9C3153A1DC4BA710085349C /* ChatSocketIOTests.xctest */;
			productType = "com.apple.product-type.bundle.unit-test";
		};
		D9C315441DC4BA710085349C /* ChatSocketIOUITests */ = {
			isa = PBXNativeTarget;
			buildConfigurationList = D9C315541DC4BA710085349C /* Build configuration list for PBXNativeTarget "ChatSocketIOUITests" */;
			buildPhases = (
				D9C315411DC4BA710085349C /* Sources */,
				D9C315421DC4BA710085349C /* Frameworks */,
				D9C315431DC4BA710085349C /* Resources */,
			);
			buildRules = (
			);
			dependencies = (
				D9C315471DC4BA710085349C /* PBXTargetDependency */,
			);
			name = ChatSocketIOUITests;
			productName = ChatSocketIOUITests;
			productReference = D9C315451DC4BA710085349C /* ChatSocketIOUITests.xctest */;
			productType = "com.apple.product-type.bundle.ui-testing";
		};
/* End PBXNativeTarget section */

/* Begin PBXProject section */
		D9C3151E1DC4BA710085349C /* Project object */ = {
			isa = PBXProject;
			attributes = {
				LastSwiftUpdateCheck = 0730;
				LastUpgradeCheck = 0730;
				ORGANIZATIONNAME = "Sriram Rajendran";
				TargetAttributes = {
					D9C315251DC4BA710085349C = {
						CreatedOnToolsVersion = 7.3;
						DevelopmentTeam = WARD5RY35S;
					};
					D9C315391DC4BA710085349C = {
						CreatedOnToolsVersion = 7.3;
						DevelopmentTeam = WARD5RY35S;
						TestTargetID = D9C315251DC4BA710085349C;
					};
					D9C315441DC4BA710085349C = {
						CreatedOnToolsVersion = 7.3;
						DevelopmentTeam = WARD5RY35S;
						TestTargetID = D9C315251DC4BA710085349C;
					};
				};
			};
			buildConfigurationList = D9C315211DC4BA710085349C /* Build configuration list for PBXProject "ChatSocketIO" */;
			compatibilityVersion = "Xcode 3.2";
			developmentRegion = English;
			hasScannedForEncodings = 0;
			knownRegions = (
				en,
				Base,
			);
			mainGroup = D9C3151D1DC4BA710085349C;
			productRefGroup = D9C315271DC4BA710085349C /* Products */;
			projectDirPath = "";
			projectRoot = "";
			targets = (
				D9C315251DC4BA710085349C /* ChatSocketIO */,
				D9C315391DC4BA710085349C /* ChatSocketIOTests */,
				D9C315441DC4BA710085349C /* ChatSocketIOUITests */,
			);
		};
/* End PBXProject section */

/* Begin PBXResourcesBuildPhase section */
		D9C315241DC4BA710085349C /* Resources */ = {
			isa = PBXResourcesBuildPhase;
			buildActionMask = 2147483647;
			files = (
				D9C315341DC4BA710085349C /* LaunchScreen.storyboard in Resources */,
				D9C315311DC4BA710085349C /* Assets.xcassets in Resources */,
				D9C3152F1DC4BA710085349C /* Main.storyboard in Resources */,
			);
			runOnlyForDeploymentPostprocessing = 0;
		};
		D9C315381DC4BA710085349C /* Resources */ = {
			isa = PBXResourcesBuildPhase;
			buildActionMask = 2147483647;
			files = (
			);
			runOnlyForDeploymentPostprocessing = 0;
		};
		D9C315431DC4BA710085349C /* Resources */ = {
			isa = PBXResourcesBuildPhase;
			buildActionMask = 2147483647;
			files = (
			);
			runOnlyForDeploymentPostprocessing = 0;
		};
/* End PBXResourcesBuildPhase section */

/* Begin PBXSourcesBuildPhase section */
		D9C315221DC4BA710085349C /* Sources */ = {
			isa = PBXSourcesBuildPhase;
			buildActionMask = 2147483647;
			files = (
				D9C3152C1DC4BA710085349C /* ViewController.swift in Sources */,
				D9C3152A1DC4BA710085349C /* AppDelegate.swift in Sources */,
			);
			runOnlyForDeploymentPostprocessing = 0;
		};
		D9C315361DC4BA710085349C /* Sources */ = {
			isa = PBXSourcesBuildPhase;
			buildActionMask = 2147483647;
			files = (
				D9C3153F1DC4BA710085349C /* ChatSocketIOTests.swift in Sources */,
			);
			runOnlyForDeploymentPostprocessing = 0;
		};
		D9C315411DC4BA710085349C /* Sources */ = {
			isa = PBXSourcesBuildPhase;
			buildActionMask = 2147483647;
			files = (
				D9C3154A1DC4BA710085349C /* ChatSocketIOUITests.swift in Sources */,
			);
			runOnlyForDeploymentPostprocessing = 0;
		};
/* End PBXSourcesBuildPhase section */

/* Begin PBXTargetDependency section */
		D9C3153C1DC4BA710085349C /* PBXTargetDependency */ = {
			isa = PBXTargetDependency;
			target = D9C315251DC4BA710085349C /* ChatSocketIO */;
			targetProxy = D9C3153B1DC4BA710085349C /* PBXContainerItemProxy */;
		};
		D9C315471DC4BA710085349C /* PBXTargetDependency */ = {
			isa = PBXTargetDependency;
			target = D9C315251DC4BA710085349C /* ChatSocketIO */;
			targetProxy = D9C315461DC4BA710085349C /* PBXContainerItemProxy */;
		};
/* End PBXTargetDependency section */

/* Begin PBXVariantGroup section */
		D9C3152D1DC4BA710085349C /* Main.storyboard */ = {
			isa = PBXVariantGroup;
			children = (
				D9C3152E1DC4BA710085349C /* Base */,
			);
			name = Main.storyboard;
			sourceTree = "<group>";
		};
		D9C315321DC4BA710085349C /* LaunchScreen.storyboard */ = {
			isa = PBXVariantGroup;
			children = (
				D9C315331DC4BA710085349C /* Base */,
			);
			name = LaunchScreen.storyboard;
			sourceTree = "<group>";
		};
/* End PBXVariantGroup section */

/* Begin XCBuildConfiguration section */
		D9C3154C1DC4BA710085349C /* Debug */ = {
			isa = XCBuildConfiguration;
			buildSettings = {
				ALWAYS_SEARCH_USER_PATHS = NO;
				CLANG_ANALYZER_NONNULL = YES;
				CLANG_CXX_LANGUAGE_STANDARD = "gnu++0x";
				CLANG_CXX_LIBRARY = "libc++";
				CLANG_ENABLE_MODULES = YES;
				CLANG_ENABLE_OBJC_ARC = YES;
				CLANG_WARN_BOOL_CONVERSION = YES;
				CLANG_WARN_CONSTANT_CONVERSION = YES;
				CLANG_WARN_DIRECT_OBJC_ISA_USAGE = YES_ERROR;
				CLANG_WARN_EMPTY_BODY = YES;
				CLANG_WARN_ENUM_CONVERSION = YES;
				CLANG_WARN_INT_CONVERSION = YES;
				CLANG_WARN_OBJC_ROOT_CLASS = YES_ERROR;
				CLANG_WARN_UNREACHABLE_CODE = YES;
				CLANG_WARN__DUPLICATE_METHOD_MATCH = YES;
				"CODE_SIGN_IDENTITY[sdk=iphoneos*]" = "iPhone Developer";
				COPY_PHASE_STRIP = NO;
				DEBUG_INFORMATION_FORMAT = dwarf;
				ENABLE_STRICT_OBJC_MSGSEND = YES;
				ENABLE_TESTABILITY = YES;
				GCC_C_LANGUAGE_STANDARD = gnu99;
				GCC_DYNAMIC_NO_PIC = NO;
				GCC_NO_COMMON_BLOCKS = YES;
				GCC_OPTIMIZATION_LEVEL = 0;
				GCC_PREPROCESSOR_DEFINITIONS = (
					"DEBUG=1",
					"$(inherited)",
				);
				GCC_WARN_64_TO_32_BIT_CONVERSION = YES;
				GCC_WARN_ABOUT_RETURN_TYPE = YES_ERROR;
				GCC_WARN_UNDECLARED_SELECTOR = YES;
				GCC_WARN_UNINITIALIZED_AUTOS = YES_AGGRESSIVE;
				GCC_WARN_UNUSED_FUNCTION = YES;
				GCC_WARN_UNUSED_VARIABLE = YES;
				IPHONEOS_DEPLOYMENT_TARGET = 9.3;
				MTL_ENABLE_DEBUG_INFO = YES;
				ONLY_ACTIVE_ARCH = YES;
				SDKROOT = iphoneos;
				SWIFT_OPTIMIZATION_LEVEL = "-Onone";
				TARGETED_DEVICE_FAMILY = "1,2";
			};
			name = Debug;
		};
		D9C3154D1DC4BA710085349C /* Release */ = {
			isa = XCBuildConfiguration;
			buildSettings = {
				ALWAYS_SEARCH_USER_PATHS = NO;
				CLANG_ANALYZER_NONNULL = YES;
				CLANG_CXX_LANGUAGE_STANDARD = "gnu++0x";
				CLANG_CXX_LIBRARY = "libc++";
				CLANG_ENABLE_MODULES = YES;
				CLANG_ENABLE_OBJC_ARC = YES;
				CLANG_WARN_BOOL_CONVERSION = YES;
				CLANG_WARN_CONSTANT_CONVERSION = YES;
				CLANG_WARN_DIRECT_OBJC_ISA_USAGE = YES_ERROR;
				CLANG_WARN_EMPTY_BODY = YES;
				CLANG_WARN_ENUM_CONVERSION = YES;
				CLANG_WARN_INT_CONVERSION = YES;
				CLANG_WARN_OBJC_ROOT_CLASS = YES_ERROR;
				CLANG_WARN_UNREACHABLE_CODE = YES;
				CLANG_WARN__DUPLICATE_METHOD_MATCH = YES;
				"CODE_SIGN_IDENTITY[sdk=iphoneos*]" = "iPhone Developer";
				COPY_PHASE_STRIP = NO;
				DEBUG_INFORMATION_FORMAT = "dwarf-with-dsym";
				ENABLE_NS_ASSERTIONS = NO;
				ENABLE_STRICT_OBJC_MSGSEND = YES;
				GCC_C_LANGUAGE_STANDARD = gnu99;
				GCC_NO_COMMON_BLOCKS = YES;
				GCC_WARN_64_TO_32_BIT_CONVERSION = YES;
				GCC_WARN_ABOUT_RETURN_TYPE = YES_ERROR;
				GCC_WARN_UNDECLARED_SELECTOR = YES;
				GCC_WARN_UNINITIALIZED_AUTOS = YES_AGGRESSIVE;
				GCC_WARN_UNUSED_FUNCTION = YES;
				GCC_WARN_UNUSED_VARIABLE = YES;
				IPHONEOS_DEPLOYMENT_TARGET = 9.3;
				MTL_ENABLE_DEBUG_INFO = NO;
				SDKROOT = iphoneos;
				TARGETED_DEVICE_FAMILY = "1,2";
				VALIDATE_PRODUCT = YES;
			};
			name = Release;
		};
		D9C3154F1DC4BA710085349C /* Debug */ = {
			isa = XCBuildConfiguration;
			buildSettings = {
				ASSETCATALOG_COMPILER_APPICON_NAME = AppIcon;
				INFOPLIST_FILE = ChatSocketIO/Info.plist;
				LD_RUNPATH_SEARCH_PATHS = "$(inherited) @executable_path/Frameworks";
				PRODUCT_BUNDLE_IDENTIFIER = Shri.ChatSocketIO;
				PRODUCT_NAME = "$(TARGET_NAME)";
			};
			name = Debug;
		};
		D9C315501DC4BA710085349C /* Release */ = {
			isa = XCBuildConfiguration;
			buildSettings = {
				ASSETCATALOG_COMPILER_APPICON_NAME = AppIcon;
				INFOPLIST_FILE = ChatSocketIO/Info.plist;
				LD_RUNPATH_SEARCH_PATHS = "$(inherited) @executable_path/Frameworks";
				PRODUCT_BUNDLE_IDENTIFIER = Shri.ChatSocketIO;
				PRODUCT_NAME = "$(TARGET_NAME)";
			};
			name = Release;
		};
		D9C315521DC4BA710085349C /* Debug */ = {
			isa = XCBuildConfiguration;
			buildSettings = {
				BUNDLE_LOADER = "$(TEST_HOST)";
				INFOPLIST_FILE = ChatSocketIOTests/Info.plist;
				LD_RUNPATH_SEARCH_PATHS = "$(inherited) @executable_path/Frameworks @loader_path/Frameworks";
				PRODUCT_BUNDLE_IDENTIFIER = Shri.ChatSocketIOTests;
				PRODUCT_NAME = "$(TARGET_NAME)";
				TEST_HOST = "$(BUILT_PRODUCTS_DIR)/ChatSocketIO.app/ChatSocketIO";
			};
			name = Debug;
		};
		D9C315531DC4BA710085349C /* Release */ = {
			isa = XCBuildConfiguration;
			buildSettings = {
				BUNDLE_LOADER = "$(TEST_HOST)";
				INFOPLIST_FILE = ChatSocketIOTests/Info.plist;
				LD_RUNPATH_SEARCH_PATHS = "$(inherited) @executable_path/Frameworks @loader_path/Frameworks";
				PRODUCT_BUNDLE_IDENTIFIER = Shri.ChatSocketIOTests;
				PRODUCT_NAME = "$(TARGET_NAME)";
				TEST_HOST = "$(BUILT_PRODUCTS_DIR)/ChatSocketIO.app/ChatSocketIO";
			};
			name = Release;
		};
		D9C315551DC4BA710085349C /* Debug */ = {
			isa = XCBuildConfiguration;
			buildSettings = {
				INFOPLIST_FILE = ChatSocketIOUITests/Info.plist;
				LD_RUNPATH_SEARCH_PATHS = "$(inherited) @executable_path/Frameworks @loader_path/Frameworks";
				PRODUCT_BUNDLE_IDENTIFIER = Shri.ChatSocketIOUITests;
				PRODUCT_NAME = "$(TARGET_NAME)";
				TEST_TARGET_NAME = ChatSocketIO;
			};
			name = Debug;
		};
		D9C315561DC4BA710085349C /* Release */ = {
			isa = XCBuildConfiguration;
			buildSettings = {
				INFOPLIST_FILE = ChatSocketIOUITests/Info.plist;
				LD_RUNPATH_SEARCH_PATHS = "$(inherited) @executable_path/Frameworks @loader_path/Frameworks";
				PRODUCT_BUNDLE_IDENTIFIER = Shri.ChatSocketIOUITests;
				PRODUCT_NAME = "$(TARGET_NAME)";
				TEST_TARGET_NAME = ChatSocketIO;
			};
			name = Release;
		};
/* End XCBuildConfiguration section */

/* Begin XCConfigurationList section */
		D9C315211DC4BA710085349C /* Build configuration list for PBXProject "ChatSocketIO" */ = {
			isa = XCConfigurationList;
			buildConfigurations = (
				D9C3154C1DC4BA710085349C /* Debug */,
				D9C3154D1DC4BA710085349C /* Release */,
			);
			defaultConfigurationIsVisible = 0;
			defaultConfigurationName = Release;
		};
		D9C3154E1DC4BA710085349C /* Build configuration list for PBXNativeTarget "ChatSocketIO" */ = {
			isa = XCConfigurationList;
			buildConfigurations = (
				D9C3154F1DC4BA710085349C /* Debug */,
				D9C315501DC4BA710085349C /* Release */,
			);
			defaultConfigurationIsVisible = 0;
		};
		D9C315511DC4BA710085349C /* Build configuration list for PBXNativeTarget "ChatSocketIOTests" */ = {
			isa = XCConfigurationList;
			buildConfigurations = (
				D9C315521DC4BA710085349C /* Debug */,
				D9C315531DC4BA710085349C /* Release */,
			);
			defaultConfigurationIsVisible = 0;
		};
		D9C315541DC4BA710085349C /* Build configuration list for PBXNativeTarget "ChatSocketIOUITests" */ = {
			isa = XCConfigurationList;
			buildConfigurations = (
				D9C315551DC4BA710085349C /* Debug */,
				D9C315561DC4BA710085349C /* Release */,
			);
			defaultConfigurationIsVisible = 0;
		};
/* End XCConfigurationList section */
	};
	rootObject = D9C3151E1DC4BA710085349C /* Project object */;
}
